
Microsoft Visual Studio Solution File, Format Version 12.00
# Visual Studio Version 16
VisualStudioVersion = 16.0.35425.106
MinimumVisualStudioVersion = 10.0.40219.1
Project("{FAE04EC0-301F-11D3-BF4B-00C04F79EFBC}") = "KG_07", "KG_07\KG_07.csproj", "{6D41CE4A-D251-4F5D-B784-5BC0DB3F0B7A}"
EndProject
Global
	GlobalSection(SolutionConfigurationPlatforms) = preSolution
		Debug|Any CPU = Debug|Any CPU
		Release|Any CPU = Release|Any CPU
	EndGlobalSection
	GlobalSection(ProjectConfigurationPlatforms) = postSolution
		{6D41CE4A-D251-4F5D-B784-5BC0DB3F0B7A}.Debug|Any CPU.ActiveCfg = Debug|Any CPU
		{6D41CE4A-D251-4F5D-B784-5BC0DB3F0B7A}.Debug|Any CPU.Build.0 = Debug|Any CPU
		{6D41CE4A-D251-4F5D-B784-5BC0DB3F0B7A}.Release|Any CPU.ActiveCfg = Release|Any CPU
		{6D41CE4A-D251-4F5D-B784-5BC0DB3F0B7A}.Release|Any CPU.Build.0 = Release|Any CPU
	EndGlobalSection
	GlobalSection(SolutionProperties) = preSolution
		HideSolutionNode = FALSE
	EndGlobalSection
	GlobalSection(ExtensibilityGlobals) = postSolution
		SolutionGuid = {F062244C-AEDB-41C7-B07E-8FE7F5B7DFF5}
	EndGlobalSection
EndGlobal
